// !$*UTF8*$!
{
	archiveVersion = 1;
	classes = {
	};
	objectVersion = 46;
	objects = {

/* Begin PBXBuildFile section */
		5B696EC01D65104700E1DA69 /* anthonyDavis.png in Resources */ = {isa = PBXBuildFile; fileRef = 5B696EB61D65104700E1DA69 /* anthonyDavis.png */; };
		5B696EC11D65104700E1DA69 /* cousins.png in Resources */ = {isa = PBXBuildFile; fileRef = 5B696EB71D65104700E1DA69 /* cousins.png */; };
		5B696EC21D65104700E1DA69 /* curry.png in Resources */ = {isa = PBXBuildFile; fileRef = 5B696EB81D65104700E1DA69 /* curry.png */; };
		5B696EC31D65104700E1DA69 /* durant.png in Resources */ = {isa = PBXBuildFile; fileRef = 5B696EB91D65104700E1DA69 /* durant.png */; };
		5B696EC41D65104700E1DA69 /* harden.png in Resources */ = {isa = PBXBuildFile; fileRef = 5B696EBA1D65104700E1DA69 /* harden.png */; };
		5B696EC51D65104700E1DA69 /* kawhi.png in Resources */ = {isa = PBXBuildFile; fileRef = 5B696EBB1D65104700E1DA69 /* kawhi.png */; };
		5B696EC61D65104700E1DA69 /* klay.png in Resources */ = {isa = PBXBuildFile; fileRef = 5B696EBC1D65104700E1DA69 /* klay.png */; };
		5B696EC71D65104700E1DA69 /* Lebron.png in Resources */ = {isa = PBXBuildFile; fileRef = 5B696EBD1D65104700E1DA69 /* Lebron.png */; };
		5B696EC81D65104700E1DA69 /* lillard.png in Resources */ = {isa = PBXBuildFile; fileRef = 5B696EBE1D65104700E1DA69 /* lillard.png */; };
		5B696EC91D65104700E1DA69 /* westbrook.png in Resources */ = {isa = PBXBuildFile; fileRef = 5B696EBF1D65104700E1DA69 /* westbrook.png */; };
		5B696EDF1D65146700E1DA69 /* blazers.png in Resources */ = {isa = PBXBuildFile; fileRef = 5B696ED71D65146700E1DA69 /* blazers.png */; };
		5B696EE01D65146700E1DA69 /* cavaliers.gif in Resources */ = {isa = PBXBuildFile; fileRef = 5B696ED81D65146700E1DA69 /* cavaliers.gif */; };
		5B696EE11D65146700E1DA69 /* kings.gif in Resources */ = {isa = PBXBuildFile; fileRef = 5B696ED91D65146700E1DA69 /* kings.gif */; };
		5B696EE21D65146700E1DA69 /* pelicans.gif in Resources */ = {isa = PBXBuildFile; fileRef = 5B696EDA1D65146700E1DA69 /* pelicans.gif */; };
		5B696EE31D65146700E1DA69 /* rockets.gif in Resources */ = {isa = PBXBuildFile; fileRef = 5B696EDB1D65146700E1DA69 /* rockets.gif */; };
		5B696EE41D65146700E1DA69 /* spurs.gif in Resources */ = {isa = PBXBuildFile; fileRef = 5B696EDC1D65146700E1DA69 /* spurs.gif */; };
		5B696EE51D65146700E1DA69 /* thunder.png in Resources */ = {isa = PBXBuildFile; fileRef = 5B696EDD1D65146700E1DA69 /* thunder.png */; };
		5B696EE61D65146700E1DA69 /* warriors.gif in Resources */ = {isa = PBXBuildFile; fileRef = 5B696EDE1D65146700E1DA69 /* warriors.gif */; };
		5BAF83971D64D79700635D84 /* AppDelegate.swift in Sources */ = {isa = PBXBuildFile; fileRef = 5BAF83961D64D79700635D84 /* AppDelegate.swift */; };
		5BAF839C1D64D79700635D84 /* Main.storyboard in Resources */ = {isa = PBXBuildFile; fileRef = 5BAF839A1D64D79700635D84 /* Main.storyboard */; };
		5BAF839E1D64D79700635D84 /* Assets.xcassets in Resources */ = {isa = PBXBuildFile; fileRef = 5BAF839D1D64D79700635D84 /* Assets.xcassets */; };
		5BAF83A11D64D79700635D84 /* LaunchScreen.storyboard in Resources */ = {isa = PBXBuildFile; fileRef = 5BAF839F1D64D79700635D84 /* LaunchScreen.storyboard */; };
		5BAF83A91D64DC1800635D84 /* PlayerTableViewController.swift in Sources */ = {isa = PBXBuildFile; fileRef = 5BAF83A81D64DC1800635D84 /* PlayerTableViewController.swift */; };
		5BAF83AB1D64DC3100635D84 /* NBAPlayers.json in Resources */ = {isa = PBXBuildFile; fileRef = 5BAF83AA1D64DC3100635D84 /* NBAPlayers.json */; };
		5BAF83AD1D64E7C000635D84 /* PlayerClass.swift in Sources */ = {isa = PBXBuildFile; fileRef = 5BAF83AC1D64E7C000635D84 /* PlayerClass.swift */; };
		5BD7C4551D64FB3D006543C4 /* PlayerDetailViewController.swift in Sources */ = {isa = PBXBuildFile; fileRef = 5BD7C4541D64FB3D006543C4 /* PlayerDetailViewController.swift */; };
/* End PBXBuildFile section */

/* Begin PBXFileReference section */
		5B696EB61D65104700E1DA69 /* anthonyDavis.png */ = {isa = PBXFileReference; lastKnownFileType = image.png; path = anthonyDavis.png; sourceTree = "<group>"; };
		5B696EB71D65104700E1DA69 /* cousins.png */ = {isa = PBXFileReference; lastKnownFileType = image.png; path = cousins.png; sourceTree = "<group>"; };
		5B696EB81D65104700E1DA69 /* curry.png */ = {isa = PBXFileReference; lastKnownFileType = image.png; path = curry.png; sourceTree = "<group>"; };
		5B696EB91D65104700E1DA69 /* durant.png */ = {isa = PBXFileReference; lastKnownFileType = image.png; path = durant.png; sourceTree = "<group>"; };
		5B696EBA1D65104700E1DA69 /* harden.png */ = {isa = PBXFileReference; lastKnownFileType = image.png; path = harden.png; sourceTree = "<group>"; };
		5B696EBB1D65104700E1DA69 /* kawhi.png */ = {isa = PBXFileReference; lastKnownFileType = image.png; path = kawhi.png; sourceTree = "<group>"; };
		5B696EBC1D65104700E1DA69 /* klay.png */ = {isa = PBXFileReference; lastKnownFileType = image.png; path = klay.png; sourceTree = "<group>"; };
		5B696EBD1D65104700E1DA69 /* Lebron.png */ = {isa = PBXFileReference; lastKnownFileType = image.png; path = Lebron.png; sourceTree = "<group>"; };
		5B696EBE1D65104700E1DA69 /* lillard.png */ = {isa = PBXFileReference; lastKnownFileType = image.png; path = lillard.png; sourceTree = "<group>"; };
		5B696EBF1D65104700E1DA69 /* westbrook.png */ = {isa = PBXFileReference; lastKnownFileType = image.png; path = westbrook.png; sourceTree = "<group>"; };
		5B696ED71D65146700E1DA69 /* blazers.png */ = {isa = PBXFileReference; lastKnownFileType = image.png; path = blazers.png; sourceTree = "<group>"; };
		5B696ED81D65146700E1DA69 /* cavaliers.gif */ = {isa = PBXFileReference; lastKnownFileType = image.gif; path = cavaliers.gif; sourceTree = "<group>"; };
		5B696ED91D65146700E1DA69 /* kings.gif */ = {isa = PBXFileReference; lastKnownFileType = image.gif; path = kings.gif; sourceTree = "<group>"; };
		5B696EDA1D65146700E1DA69 /* pelicans.gif */ = {isa = PBXFileReference; lastKnownFileType = image.gif; path = pelicans.gif; sourceTree = "<group>"; };
		5B696EDB1D65146700E1DA69 /* rockets.gif */ = {isa = PBXFileReference; lastKnownFileType = image.gif; path = rockets.gif; sourceTree = "<group>"; };
		5B696EDC1D65146700E1DA69 /* spurs.gif */ = {isa = PBXFileReference; lastKnownFileType = image.gif; path = spurs.gif; sourceTree = "<group>"; };
		5B696EDD1D65146700E1DA69 /* thunder.png */ = {isa = PBXFileReference; lastKnownFileType = image.png; path = thunder.png; sourceTree = "<group>"; };
		5B696EDE1D65146700E1DA69 /* warriors.gif */ = {isa = PBXFileReference; lastKnownFileType = image.gif; path = warriors.gif; sourceTree = "<group>"; };
		5BAF83931D64D79700635D84 /* Swift-GrailDiary.app */ = {isa = PBXFileReference; explicitFileType = wrapper.application; includeInIndex = 0; path = "Swift-GrailDiary.app"; sourceTree = BUILT_PRODUCTS_DIR; };
		5BAF83961D64D79700635D84 /* AppDelegate.swift */ = {isa = PBXFileReference; lastKnownFileType = sourcecode.swift; path = AppDelegate.swift; sourceTree = "<group>"; };
		5BAF839B1D64D79700635D84 /* Base */ = {isa = PBXFileReference; lastKnownFileType = file.storyboard; name = Base; path = Base.lproj/Main.storyboard; sourceTree = "<group>"; };
		5BAF839D1D64D79700635D84 /* Assets.xcassets */ = {isa = PBXFileReference; lastKnownFileType = folder.assetcatalog; path = Assets.xcassets; sourceTree = "<group>"; };
		5BAF83A01D64D79700635D84 /* Base */ = {isa = PBXFileReference; lastKnownFileType = file.storyboard; name = Base; path = Base.lproj/LaunchScreen.storyboard; sourceTree = "<group>"; };
		5BAF83A21D64D79700635D84 /* Info.plist */ = {isa = PBXFileReference; lastKnownFileType = text.plist.xml; path = Info.plist; sourceTree = "<group>"; };
		5BAF83A81D64DC1800635D84 /* PlayerTableViewController.swift */ = {isa = PBXFileReference; fileEncoding = 4; lastKnownFileType = sourcecode.swift; name = PlayerTableViewController.swift; path = ../PlayerTableViewController.swift; sourceTree = "<group>"; };
		5BAF83AA1D64DC3100635D84 /* NBAPlayers.json */ = {isa = PBXFileReference; fileEncoding = 4; lastKnownFileType = text.json; path = NBAPlayers.json; sourceTree = "<group>"; };
		5BAF83AC1D64E7C000635D84 /* PlayerClass.swift */ = {isa = PBXFileReference; fileEncoding = 4; lastKnownFileType = sourcecode.swift; path = PlayerClass.swift; sourceTree = "<group>"; };
		5BD7C4541D64FB3D006543C4 /* PlayerDetailViewController.swift */ = {isa = PBXFileReference; fileEncoding = 4; lastKnownFileType = sourcecode.swift; path = PlayerDetailViewController.swift; sourceTree = "<group>"; };
/* End PBXFileReference section */

/* Begin PBXFrameworksBuildPhase section */
		5BAF83901D64D79700635D84 /* Frameworks */ = {
			isa = PBXFrameworksBuildPhase;
			buildActionMask = 2147483647;
			files = (
			);
			runOnlyForDeploymentPostprocessing = 0;
		};
/* End PBXFrameworksBuildPhase section */

/* Begin PBXGroup section */
		5B696ECA1D65105700E1DA69 /* Headshots */ = {
			isa = PBXGroup;
			children = (
				5B696EB61D65104700E1DA69 /* anthonyDavis.png */,
				5B696EB71D65104700E1DA69 /* cousins.png */,
				5B696EB81D65104700E1DA69 /* curry.png */,
				5B696EB91D65104700E1DA69 /* durant.png */,
				5B696EBA1D65104700E1DA69 /* harden.png */,
				5B696EBB1D65104700E1DA69 /* kawhi.png */,
				5B696EBC1D65104700E1DA69 /* klay.png */,
				5B696EBD1D65104700E1DA69 /* Lebron.png */,
				5B696EBE1D65104700E1DA69 /* lillard.png */,
				5B696EBF1D65104700E1DA69 /* westbrook.png */,
			);
			name = Headshots;
			path = ..;
			sourceTree = "<group>";
		};
		5B696EE71D65147800E1DA69 /* Logos */ = {
			isa = PBXGroup;
			children = (
				5B696ED71D65146700E1DA69 /* blazers.png */,
				5B696ED81D65146700E1DA69 /* cavaliers.gif */,
				5B696ED91D65146700E1DA69 /* kings.gif */,
				5B696EDA1D65146700E1DA69 /* pelicans.gif */,
				5B696EDB1D65146700E1DA69 /* rockets.gif */,
				5B696EDC1D65146700E1DA69 /* spurs.gif */,
				5B696EDD1D65146700E1DA69 /* thunder.png */,
				5B696EDE1D65146700E1DA69 /* warriors.gif */,
			);
			name = Logos;
			sourceTree = "<group>";
		};
		5BAF838A1D64D79700635D84 = {
			isa = PBXGroup;
			children = (
				5BAF83951D64D79700635D84 /* Swift-GrailDiary */,
				5BAF83941D64D79700635D84 /* Products */,
			);
			sourceTree = "<group>";
		};
		5BAF83941D64D79700635D84 /* Products */ = {
			isa = PBXGroup;
			children = (
				5BAF83931D64D79700635D84 /* Swift-GrailDiary.app */,
			);
			name = Products;
			sourceTree = "<group>";
		};
		5BAF83951D64D79700635D84 /* Swift-GrailDiary */ = {
			isa = PBXGroup;
			children = (
				5BAF83961D64D79700635D84 /* AppDelegate.swift */,
				5BAF83A81D64DC1800635D84 /* PlayerTableViewController.swift */,
				5BD7C4541D64FB3D006543C4 /* PlayerDetailViewController.swift */,
				5BAF83AC1D64E7C000635D84 /* PlayerClass.swift */,
				5B696EE71D65147800E1DA69 /* Logos */,
				5B696ECA1D65105700E1DA69 /* Headshots */,
				5BAF839A1D64D79700635D84 /* Main.storyboard */,
				5BAF83AA1D64DC3100635D84 /* NBAPlayers.json */,
				5BAF839D1D64D79700635D84 /* Assets.xcassets */,
				5BAF839F1D64D79700635D84 /* LaunchScreen.storyboard */,
				5BAF83A21D64D79700635D84 /* Info.plist */,
			);
			path = "Swift-GrailDiary";
			sourceTree = "<group>";
		};
/* End PBXGroup section */

/* Begin PBXNativeTarget section */
		5BAF83921D64D79700635D84 /* Swift-GrailDiary */ = {
			isa = PBXNativeTarget;
			buildConfigurationList = 5BAF83A51D64D79700635D84 /* Build configuration list for PBXNativeTarget "Swift-GrailDiary" */;
			buildPhases = (
				5BAF838F1D64D79700635D84 /* Sources */,
				5BAF83901D64D79700635D84 /* Frameworks */,
				5BAF83911D64D79700635D84 /* Resources */,
			);
			buildRules = (
			);
			dependencies = (
			);
			name = "Swift-GrailDiary";
			productName = "Swift-GrailDiary";
			productReference = 5BAF83931D64D79700635D84 /* Swift-GrailDiary.app */;
			productType = "com.apple.product-type.application";
		};
/* End PBXNativeTarget section */

/* Begin PBXProject section */
		5BAF838B1D64D79700635D84 /* Project object */ = {
			isa = PBXProject;
			attributes = {
				LastSwiftUpdateCheck = 0800;
				LastUpgradeCheck = 0800;
				ORGANIZATIONNAME = "The Iron Yard";
				TargetAttributes = {
					5BAF83921D64D79700635D84 = {
						CreatedOnToolsVersion = 8.0;
						ProvisioningStyle = Automatic;
					};
				};
			};
			buildConfigurationList = 5BAF838E1D64D79700635D84 /* Build configuration list for PBXProject "Swift-GrailDiary" */;
			compatibilityVersion = "Xcode 3.2";
			developmentRegion = English;
			hasScannedForEncodings = 0;
			knownRegions = (
				en,
				Base,
			);
			mainGroup = 5BAF838A1D64D79700635D84;
			productRefGroup = 5BAF83941D64D79700635D84 /* Products */;
			projectDirPath = "";
			projectRoot = "";
			targets = (
				5BAF83921D64D79700635D84 /* Swift-GrailDiary */,
			);
		};
/* End PBXProject section */

/* Begin PBXResourcesBuildPhase section */
		5BAF83911D64D79700635D84 /* Resources */ = {
			isa = PBXResourcesBuildPhase;
			buildActionMask = 2147483647;
			files = (
				5B696EC61D65104700E1DA69 /* klay.png in Resources */,
				5B696EC81D65104700E1DA69 /* lillard.png in Resources */,
				5B696EDF1D65146700E1DA69 /* blazers.png in Resources */,
				5B696EC91D65104700E1DA69 /* westbrook.png in Resources */,
				5B696EC51D65104700E1DA69 /* kawhi.png in Resources */,
				5B696EE51D65146700E1DA69 /* thunder.png in Resources */,
				5BAF83AB1D64DC3100635D84 /* NBAPlayers.json in Resources */,
				5B696EC21D65104700E1DA69 /* curry.png in Resources */,
				5B696EC41D65104700E1DA69 /* harden.png in Resources */,
				5B696EE11D65146700E1DA69 /* kings.gif in Resources */,
				5BAF83A11D64D79700635D84 /* LaunchScreen.storyboard in Resources */,
				5B696EC31D65104700E1DA69 /* durant.png in Resources */,
				5B696EC11D65104700E1DA69 /* cousins.png in Resources */,
				5B696EE01D65146700E1DA69 /* cavaliers.gif in Resources */,
				5B696EC01D65104700E1DA69 /* anthonyDavis.png in Resources */,
				5B696EE61D65146700E1DA69 /* warriors.gif in Resources */,
				5BAF839E1D64D79700635D84 /* Assets.xcassets in Resources */,
				5B696EE21D65146700E1DA69 /* pelicans.gif in Resources */,
				5B696EE31D65146700E1DA69 /* rockets.gif in Resources */,
				5BAF839C1D64D79700635D84 /* Main.storyboard in Resources */,
				5B696EE41D65146700E1DA69 /* spurs.gif in Resources */,
				5B696EC71D65104700E1DA69 /* Lebron.png in Resources */,
			);
			runOnlyForDeploymentPostprocessing = 0;
		};
/* End PBXResourcesBuildPhase section */

/* Begin PBXSourcesBuildPhase section */
		5BAF838F1D64D79700635D84 /* Sources */ = {
			isa = PBXSourcesBuildPhase;
			buildActionMask = 2147483647;
			files = (
				5BD7C4551D64FB3D006543C4 /* PlayerDetailViewController.swift in Sources */,
				5BAF83AD1D64E7C000635D84 /* PlayerClass.swift in Sources */,
				5BAF83A91D64DC1800635D84 /* PlayerTableViewController.swift in Sources */,
				5BAF83971D64D79700635D84 /* AppDelegate.swift in Sources */,
			);
			runOnlyForDeploymentPostprocessing = 0;
		};
/* End PBXSourcesBuildPhase section */

/* Begin PBXVariantGroup section */
		5BAF839A1D64D79700635D84 /* Main.storyboard */ = {
			isa = PBXVariantGroup;
			children = (
				5BAF839B1D64D79700635D84 /* Base */,
			);
			name = Main.storyboard;
			sourceTree = "<group>";
		};
		5BAF839F1D64D79700635D84 /* LaunchScreen.storyboard */ = {
			isa = PBXVariantGroup;
			children = (
				5BAF83A01D64D79700635D84 /* Base */,
			);
			name = LaunchScreen.storyboard;
			sourceTree = "<group>";
		};
/* End PBXVariantGroup section */

/* Begin XCBuildConfiguration section */
		5BAF83A31D64D79700635D84 /* Debug */ = {
			isa = XCBuildConfiguration;
			buildSettings = {
				ALWAYS_SEARCH_USER_PATHS = NO;
				CLANG_ANALYZER_NONNULL = YES;
				CLANG_CXX_LANGUAGE_STANDARD = "gnu++0x";
				CLANG_CXX_LIBRARY = "libc++";
				CLANG_ENABLE_MODULES = YES;
				CLANG_ENABLE_OBJC_ARC = YES;
				CLANG_WARN_BOOL_CONVERSION = YES;
				CLANG_WARN_CONSTANT_CONVERSION = YES;
				CLANG_WARN_DIRECT_OBJC_ISA_USAGE = YES_ERROR;
				CLANG_WARN_DOCUMENTATION_COMMENTS = YES;
				CLANG_WARN_EMPTY_BODY = YES;
				CLANG_WARN_ENUM_CONVERSION = YES;
				CLANG_WARN_INFINITE_RECURSION = YES;
				CLANG_WARN_INT_CONVERSION = YES;
				CLANG_WARN_OBJC_ROOT_CLASS = YES_ERROR;
				CLANG_WARN_SUSPICIOUS_MOVES = YES;
				CLANG_WARN_UNREACHABLE_CODE = YES;
				CLANG_WARN__DUPLICATE_METHOD_MATCH = YES;
				"CODE_SIGN_IDENTITY[sdk=iphoneos*]" = "iPhone Developer";
				COPY_PHASE_STRIP = NO;
				DEBUG_INFORMATION_FORMAT = dwarf;
				ENABLE_STRICT_OBJC_MSGSEND = YES;
				ENABLE_TESTABILITY = YES;
				GCC_C_LANGUAGE_STANDARD = gnu99;
				GCC_DYNAMIC_NO_PIC = NO;
				GCC_NO_COMMON_BLOCKS = YES;
				GCC_OPTIMIZATION_LEVEL = 0;
				GCC_PREPROCESSOR_DEFINITIONS = (
					"DEBUG=1",
					"$(inherited)",
				);
				GCC_WARN_64_TO_32_BIT_CONVERSION = YES;
				GCC_WARN_ABOUT_RETURN_TYPE = YES_ERROR;
				GCC_WARN_UNDECLARED_SELECTOR = YES;
				GCC_WARN_UNINITIALIZED_AUTOS = YES_AGGRESSIVE;
				GCC_WARN_UNUSED_FUNCTION = YES;
				GCC_WARN_UNUSED_VARIABLE = YES;
				IPHONEOS_DEPLOYMENT_TARGET = 10.0;
				MTL_ENABLE_DEBUG_INFO = YES;
				ONLY_ACTIVE_ARCH = YES;
				SDKROOT = iphoneos;
				SWIFT_ACTIVE_COMPILATION_CONDITIONS = DEBUG;
				SWIFT_OPTIMIZATION_LEVEL = "-Onone";
			};
			name = Debug;
		};
		5BAF83A41D64D79700635D84 /* Release */ = {
			isa = XCBuildConfiguration;
			buildSettings = {
				ALWAYS_SEARCH_USER_PATHS = NO;
				CLANG_ANALYZER_NONNULL = YES;
				CLANG_CXX_LANGUAGE_STANDARD = "gnu++0x";
				CLANG_CXX_LIBRARY = "libc++";
				CLANG_ENABLE_MODULES = YES;
				CLANG_ENABLE_OBJC_ARC = YES;
				CLANG_WARN_BOOL_CONVERSION = YES;
				CLANG_WARN_CONSTANT_CONVERSION = YES;
				CLANG_WARN_DIRECT_OBJC_ISA_USAGE = YES_ERROR;
				CLANG_WARN_DOCUMENTATION_COMMENTS = YES;
				CLANG_WARN_EMPTY_BODY = YES;
				CLANG_WARN_ENUM_CONVERSION = YES;
				CLANG_WARN_INFINITE_RECURSION = YES;
				CLANG_WARN_INT_CONVERSION = YES;
				CLANG_WARN_OBJC_ROOT_CLASS = YES_ERROR;
				CLANG_WARN_SUSPICIOUS_MOVES = YES;
				CLANG_WARN_UNREACHABLE_CODE = YES;
				CLANG_WARN__DUPLICATE_METHOD_MATCH = YES;
				"CODE_SIGN_IDENTITY[sdk=iphoneos*]" = "iPhone Developer";
				COPY_PHASE_STRIP = NO;
				DEBUG_INFORMATION_FORMAT = "dwarf-with-dsym";
				ENABLE_NS_ASSERTIONS = NO;
				ENABLE_STRICT_OBJC_MSGSEND = YES;
				GCC_C_LANGUAGE_STANDARD = gnu99;
				GCC_NO_COMMON_BLOCKS = YES;
				GCC_WARN_64_TO_32_BIT_CONVERSION = YES;
				GCC_WARN_ABOUT_RETURN_TYPE = YES_ERROR;
				GCC_WARN_UNDECLARED_SELECTOR = YES;
				GCC_WARN_UNINITIALIZED_AUTOS = YES_AGGRESSIVE;
				GCC_WARN_UNUSED_FUNCTION = YES;
				GCC_WARN_UNUSED_VARIABLE = YES;
				IPHONEOS_DEPLOYMENT_TARGET = 10.0;
				MTL_ENABLE_DEBUG_INFO = NO;
				SDKROOT = iphoneos;
				SWIFT_OPTIMIZATION_LEVEL = "-Owholemodule";
				VALIDATE_PRODUCT = YES;
			};
			name = Release;
		};
		5BAF83A61D64D79700635D84 /* Debug */ = {
			isa = XCBuildConfiguration;
			buildSettings = {
				ASSETCATALOG_COMPILER_APPICON_NAME = AppIcon;
				INFOPLIST_FILE = "Swift-GrailDiary/Info.plist";
				LD_RUNPATH_SEARCH_PATHS = "$(inherited) @executable_path/Frameworks";
				PRODUCT_BUNDLE_IDENTIFIER = "com.tiy.Swift-GrailDiary";
				PRODUCT_NAME = "$(TARGET_NAME)";
				SWIFT_VERSION = 3.0;
			};
			name = Debug;
		};
		5BAF83A71D64D79700635D84 /* Release */ = {
			isa = XCBuildConfiguration;
			buildSettings = {
				ASSETCATALOG_COMPILER_APPICON_NAME = AppIcon;
				INFOPLIST_FILE = "Swift-GrailDiary/Info.plist";
				LD_RUNPATH_SEARCH_PATHS = "$(inherited) @executable_path/Frameworks";
				PRODUCT_BUNDLE_IDENTIFIER = "com.tiy.Swift-GrailDiary";
				PRODUCT_NAME = "$(TARGET_NAME)";
				SWIFT_VERSION = 3.0;
			};
			name = Release;
		};
/* End XCBuildConfiguration section */

/* Begin XCConfigurationList section */
		5BAF838E1D64D79700635D84 /* Build configuration list for PBXProject "Swift-GrailDiary" */ = {
			isa = XCConfigurationList;
			buildConfigurations = (
				5BAF83A31D64D79700635D84 /* Debug */,
				5BAF83A41D64D79700635D84 /* Release */,
			);
			defaultConfigurationIsVisible = 0;
			defaultConfigurationName = Release;
		};
		5BAF83A51D64D79700635D84 /* Build configuration list for PBXNativeTarget "Swift-GrailDiary" */ = {
			isa = XCConfigurationList;
			buildConfigurations = (
				5BAF83A61D64D79700635D84 /* Debug */,
				5BAF83A71D64D79700635D84 /* Release */,
			);
			defaultConfigurationIsVisible = 0;
			defaultConfigurationName = Release;
		};
/* End XCConfigurationList section */
	};
	rootObject = 5BAF838B1D64D79700635D84 /* Project object */;
}
